
Microsoft Visual Studio Solution File, Format Version 12.00
# Visual Studio 15
VisualStudioVersion = 15.0.27130.2026
MinimumVisualStudioVersion = 10.0.40219.1
Project("{FAE04EC0-301F-11D3-BF4B-00C04F79EFBC}") = "TrXFBasicWebClient.WinForms", "TrXFBasicWebClient.WinForms\TrXFBasicWebClient.WinForms.csproj", "{76934EE2-DC31-4A86-ACBA-50014C7336FF}"
EndProject
Global
	GlobalSection(SolutionConfigurationPlatforms) = preSolution
		Debug|Any CPU = Debug|Any CPU
		Release|Any CPU = Release|Any CPU
	EndGlobalSection
	GlobalSection(ProjectConfigurationPlatforms) = postSolution
		{76934EE2-DC31-4A86-ACBA-50014C7336FF}.Debug|Any CPU.ActiveCfg = Debug|Any CPU
		{76934EE2-DC31-4A86-ACBA-50014C7336FF}.Debug|Any CPU.Build.0 = Debug|Any CPU
		{76934EE2-DC31-4A86-ACBA-50014C7336FF}.Release|Any CPU.ActiveCfg = Release|Any CPU
		{76934EE2-DC31-4A86-ACBA-50014C7336FF}.Release|Any CPU.Build.0 = Release|Any CPU
	EndGlobalSection
	GlobalSection(SolutionProperties) = preSolution
		HideSolutionNode = FALSE
	EndGlobalSection
	GlobalSection(ExtensibilityGlobals) = postSolution
		SolutionGuid = {FA785B56-A675-445F-8E93-9C0A52CC822A}
	EndGlobalSection
EndGlobal
