
Microsoft Visual Studio Solution File, Format Version 12.00
# Visual Studio 15
VisualStudioVersion = 15.0.27130.2036
MinimumVisualStudioVersion = 10.0.40219.1
Project("{FAE04EC0-301F-11D3-BF4B-00C04F79EFBC}") = "LegacyToXamarin.WinForms", "LegacyToXamarin.WinForms\LegacyToXamarin.WinForms.csproj", "{76934EE2-DC31-4A86-ACBA-50014C7336FF}"
EndProject
Project("{FAE04EC0-301F-11D3-BF4B-00C04F79EFBC}") = "LegacyToXamarin.Core", "LegacyToXamarin.Core\LegacyToXamarin.Core.csproj", "{4C3D915C-B929-4615-84B7-2BC4A6BE115D}"
EndProject
Global
	GlobalSection(SolutionConfigurationPlatforms) = preSolution
		Debug|Any CPU = Debug|Any CPU
		Debug|ARM = Debug|ARM
		Debug|x64 = Debug|x64
		Debug|x86 = Debug|x86
		Release|Any CPU = Release|Any CPU
		Release|ARM = Release|ARM
		Release|x64 = Release|x64
		Release|x86 = Release|x86
	EndGlobalSection
	GlobalSection(ProjectConfigurationPlatforms) = postSolution
		{76934EE2-DC31-4A86-ACBA-50014C7336FF}.Debug|Any CPU.ActiveCfg = Debug|Any CPU
		{76934EE2-DC31-4A86-ACBA-50014C7336FF}.Debug|Any CPU.Build.0 = Debug|Any CPU
		{76934EE2-DC31-4A86-ACBA-50014C7336FF}.Debug|ARM.ActiveCfg = Debug|Any CPU
		{76934EE2-DC31-4A86-ACBA-50014C7336FF}.Debug|ARM.Build.0 = Debug|Any CPU
		{76934EE2-DC31-4A86-ACBA-50014C7336FF}.Debug|x64.ActiveCfg = Debug|Any CPU
		{76934EE2-DC31-4A86-ACBA-50014C7336FF}.Debug|x64.Build.0 = Debug|Any CPU
		{76934EE2-DC31-4A86-ACBA-50014C7336FF}.Debug|x86.ActiveCfg = Debug|Any CPU
		{76934EE2-DC31-4A86-ACBA-50014C7336FF}.Debug|x86.Build.0 = Debug|Any CPU
		{76934EE2-DC31-4A86-ACBA-50014C7336FF}.Release|Any CPU.ActiveCfg = Release|Any CPU
		{76934EE2-DC31-4A86-ACBA-50014C7336FF}.Release|Any CPU.Build.0 = Release|Any CPU
		{76934EE2-DC31-4A86-ACBA-50014C7336FF}.Release|ARM.ActiveCfg = Release|Any CPU
		{76934EE2-DC31-4A86-ACBA-50014C7336FF}.Release|ARM.Build.0 = Release|Any CPU
		{76934EE2-DC31-4A86-ACBA-50014C7336FF}.Release|x64.ActiveCfg = Release|Any CPU
		{76934EE2-DC31-4A86-ACBA-50014C7336FF}.Release|x64.Build.0 = Release|Any CPU
		{76934EE2-DC31-4A86-ACBA-50014C7336FF}.Release|x86.ActiveCfg = Release|Any CPU
		{76934EE2-DC31-4A86-ACBA-50014C7336FF}.Release|x86.Build.0 = Release|Any CPU
		{4C3D915C-B929-4615-84B7-2BC4A6BE115D}.Debug|Any CPU.ActiveCfg = Debug|Any CPU
		{4C3D915C-B929-4615-84B7-2BC4A6BE115D}.Debug|Any CPU.Build.0 = Debug|Any CPU
		{4C3D915C-B929-4615-84B7-2BC4A6BE115D}.Debug|ARM.ActiveCfg = Debug|Any CPU
		{4C3D915C-B929-4615-84B7-2BC4A6BE115D}.Debug|ARM.Build.0 = Debug|Any CPU
		{4C3D915C-B929-4615-84B7-2BC4A6BE115D}.Debug|x64.ActiveCfg = Debug|Any CPU
		{4C3D915C-B929-4615-84B7-2BC4A6BE115D}.Debug|x64.Build.0 = Debug|Any CPU
		{4C3D915C-B929-4615-84B7-2BC4A6BE115D}.Debug|x86.ActiveCfg = Debug|Any CPU
		{4C3D915C-B929-4615-84B7-2BC4A6BE115D}.Debug|x86.Build.0 = Debug|Any CPU
		{4C3D915C-B929-4615-84B7-2BC4A6BE115D}.Release|Any CPU.ActiveCfg = Release|Any CPU
		{4C3D915C-B929-4615-84B7-2BC4A6BE115D}.Release|Any CPU.Build.0 = Release|Any CPU
		{4C3D915C-B929-4615-84B7-2BC4A6BE115D}.Release|ARM.ActiveCfg = Release|Any CPU
		{4C3D915C-B929-4615-84B7-2BC4A6BE115D}.Release|ARM.Build.0 = Release|Any CPU
		{4C3D915C-B929-4615-84B7-2BC4A6BE115D}.Release|x64.ActiveCfg = Release|Any CPU
		{4C3D915C-B929-4615-84B7-2BC4A6BE115D}.Release|x64.Build.0 = Release|Any CPU
		{4C3D915C-B929-4615-84B7-2BC4A6BE115D}.Release|x86.ActiveCfg = Release|Any CPU
		{4C3D915C-B929-4615-84B7-2BC4A6BE115D}.Release|x86.Build.0 = Release|Any CPU
	EndGlobalSection
	GlobalSection(SolutionProperties) = preSolution
		HideSolutionNode = FALSE
	EndGlobalSection
	GlobalSection(ExtensibilityGlobals) = postSolution
		SolutionGuid = {FA785B56-A675-445F-8E93-9C0A52CC822A}
	EndGlobalSection
EndGlobal
